PODS:
  - Alamofire (5.2.2)
  - Kingfisher (5.14.1):
    - Kingfisher/Core (= 5.14.1)
  - Kingfisher/Core (5.14.1)
  - Moya/Core (14.0.0):
    - Alamofire (~> 5.0)
  - Moya/RxSwift (14.0.0):
    - Moya/Core
    - RxSwift (~> 5.0)
  - RxSwift (5.1.1)

DEPENDENCIES:
  - Kingfisher
  - Moya/RxSwift

SPEC REPOS:
  trunk:
    - Alamofire
    - Kingfisher
    - Moya
    - RxSwift

SPEC CHECKSUMS:
  Alamofire: 814429acc853c6c54ff123fc3d2ef66803823ce0
  Kingfisher: 8050bc6f7f68cbf3908bd04df7ccbac188f6d6d6
  Moya: 5b45dacb75adb009f97fde91c204c1e565d31916
  RxSwift: 81470a2074fa8780320ea5fe4102807cb7118178

PODFILE CHECKSUM: 9e8c5fd87fb3a748488f1180e54a8efc34b30103

COCOAPODS: 1.9.3
